Microsoft Visual Studio Solution File, Format Version 12.00
# Visual Studio Version 17
VisualStudioVersion = 17.5.2.0
MinimumVisualStudioVersion = 10.0.40219.1
Project("{FAE04EC0-301F-11D3-BF4B-00C04F79EFBC}") = "Coderboard.Web", "Coderboard.Web.csproj", "{7B36D28B-15D2-789D-D318-434F716F269D}"
EndProject
Global
	GlobalSection(SolutionConfigurationPlatforms) = preSolution
		Debug|Any CPU = Debug|Any CPU
		Release|Any CPU = Release|Any CPU
	EndGlobalSection
	GlobalSection(ProjectConfigurationPlatforms) = postSolution
		{7B36D28B-15D2-789D-D318-434F716F269D}.Debug|Any CPU.ActiveCfg = Debug|Any CPU
		{7B36D28B-15D2-789D-D318-434F716F269D}.Debug|Any CPU.Build.0 = Debug|Any CPU
		{7B36D28B-15D2-789D-D318-434F716F269D}.Release|Any CPU.ActiveCfg = Release|Any CPU
		{7B36D28B-15D2-789D-D318-434F716F269D}.Release|Any CPU.Build.0 = Release|Any CPU
	EndGlobalSection
	GlobalSection(SolutionProperties) = preSolution
		HideSolutionNode = FALSE
	EndGlobalSection
	GlobalSection(ExtensibilityGlobals) = postSolution
		SolutionGuid = {23F0C9E8-EA35-4382-9037-F2A12ADF60E3}
	EndGlobalSection
EndGlobal
